
Microsoft Visual Studio Solution File, Format Version 12.00
# Visual Studio Version 17
VisualStudioVersion = 17.9.34723.18
MinimumVisualStudioVersion = 10.0.40219.1
Project("{FAE04EC0-301F-11D3-BF4B-00C04F79EFBC}") = "SecurePass", "SecurePass.csproj", "{330E3B64-4057-4953-B4F2-E41FB2189FBA}"
EndProject
Global
	GlobalSection(SolutionConfigurationPlatforms) = preSolution
		Debug|Any CPU = Debug|Any CPU
		Release|Any CPU = Release|Any CPU
	EndGlobalSection
	GlobalSection(ProjectConfigurationPlatforms) = postSolution
		{330E3B64-4057-4953-B4F2-E41FB2189FBA}.Debug|Any CPU.ActiveCfg = Debug|Any CPU
		{330E3B64-4057-4953-B4F2-E41FB2189FBA}.Debug|Any CPU.Build.0 = Debug|Any CPU
		{330E3B64-4057-4953-B4F2-E41FB2189FBA}.Release|Any CPU.ActiveCfg = Release|Any CPU
		{330E3B64-4057-4953-B4F2-E41FB2189FBA}.Release|Any CPU.Build.0 = Release|Any CPU
	EndGlobalSection
	GlobalSection(SolutionProperties) = preSolution
		HideSolutionNode = FALSE
	EndGlobalSection
	GlobalSection(ExtensibilityGlobals) = postSolution
		SolutionGuid = {DFC843E2-F512-4B1D-ADB6-0B68DDE02A4B}
	EndGlobalSection
EndGlobal
